
Microsoft Visual Studio Solution File, Format Version 12.00
# Visual Studio Version 18
VisualStudioVersion = 18.2.11415.280
MinimumVisualStudioVersion = 10.0.40219.1
Project("{FAE04EC0-301F-11D3-BF4B-00C04F79EFBC}") = "Odyssey", "Odyssey\Odyssey.csproj", "{3C70BD4B-33B1-486D-94A5-CF1F2707C8AE}"
EndProject
Project("{FAE04EC0-301F-11D3-BF4B-00C04F79EFBC}") = "Odyssey.Persistence", "Odyssey.Persistence\Odyssey.Persistence.csproj", "{EA99139A-AA9A-4C8D-99F8-82F3D757E7B7}"
EndProject
Project("{FAE04EC0-301F-11D3-BF4B-00C04F79EFBC}") = "Odyssey.UI", "Odyssey.UI\Odyssey.UI.csproj", "{17C8B02B-9A81-4FB9-B239-E9E0BA3C251B}"
EndProject
Project("{FAE04EC0-301F-11D3-BF4B-00C04F79EFBC}") = "Odyssey.UI.Library", "Odyssey.UI.Library\Odyssey.UI.Library.csproj", "{274109E8-43B5-4C5D-9000-6AEBB456F69F}"
EndProject
Project("{FAE04EC0-301F-11D3-BF4B-00C04F79EFBC}") = "Odyssey.Domain", "Odyssey.Domain\Odyssey.Domain.csproj", "{65638684-822F-4B9D-9F3F-70F4ADA289C2}"
EndProject
Project("{FAE04EC0-301F-11D3-BF4B-00C04F79EFBC}") = "Odyssey.Core", "Odyssey.Core\Odyssey.Core.csproj", "{B8C801E8-0507-46AC-BE77-1E062F344037}"
EndProject
Global
	GlobalSection(SolutionConfigurationPlatforms) = preSolution
		Debug|Any CPU = Debug|Any CPU
		Release|Any CPU = Release|Any CPU
	EndGlobalSection
	GlobalSection(ProjectConfigurationPlatforms) = postSolution
		{3C70BD4B-33B1-486D-94A5-CF1F2707C8AE}.Debug|Any CPU.ActiveCfg = Debug|Any CPU
		{3C70BD4B-33B1-486D-94A5-CF1F2707C8AE}.Debug|Any CPU.Build.0 = Debug|Any CPU
		{3C70BD4B-33B1-486D-94A5-CF1F2707C8AE}.Release|Any CPU.ActiveCfg = Release|Any CPU
		{3C70BD4B-33B1-486D-94A5-CF1F2707C8AE}.Release|Any CPU.Build.0 = Release|Any CPU
		{EA99139A-AA9A-4C8D-99F8-82F3D757E7B7}.Debug|Any CPU.ActiveCfg = Debug|Any CPU
		{EA99139A-AA9A-4C8D-99F8-82F3D757E7B7}.Debug|Any CPU.Build.0 = Debug|Any CPU
		{EA99139A-AA9A-4C8D-99F8-82F3D757E7B7}.Release|Any CPU.ActiveCfg = Release|Any CPU
		{EA99139A-AA9A-4C8D-99F8-82F3D757E7B7}.Release|Any CPU.Build.0 = Release|Any CPU
		{17C8B02B-9A81-4FB9-B239-E9E0BA3C251B}.Debug|Any CPU.ActiveCfg = Debug|Any CPU
		{17C8B02B-9A81-4FB9-B239-E9E0BA3C251B}.Debug|Any CPU.Build.0 = Debug|Any CPU
		{17C8B02B-9A81-4FB9-B239-E9E0BA3C251B}.Release|Any CPU.ActiveCfg = Release|Any CPU
		{17C8B02B-9A81-4FB9-B239-E9E0BA3C251B}.Release|Any CPU.Build.0 = Release|Any CPU
		{274109E8-43B5-4C5D-9000-6AEBB456F69F}.Debug|Any CPU.ActiveCfg = Debug|Any CPU
		{274109E8-43B5-4C5D-9000-6AEBB456F69F}.Debug|Any CPU.Build.0 = Debug|Any CPU
		{274109E8-43B5-4C5D-9000-6AEBB456F69F}.Release|Any CPU.ActiveCfg = Release|Any CPU
		{274109E8-43B5-4C5D-9000-6AEBB456F69F}.Release|Any CPU.Build.0 = Release|Any CPU
		{65638684-822F-4B9D-9F3F-70F4ADA289C2}.Debug|Any CPU.ActiveCfg = Debug|Any CPU
		{65638684-822F-4B9D-9F3F-70F4ADA289C2}.Debug|Any CPU.Build.0 = Debug|Any CPU
		{65638684-822F-4B9D-9F3F-70F4ADA289C2}.Release|Any CPU.ActiveCfg = Release|Any CPU
		{65638684-822F-4B9D-9F3F-70F4ADA289C2}.Release|Any CPU.Build.0 = Release|Any CPU
		{B8C801E8-0507-46AC-BE77-1E062F344037}.Debug|Any CPU.ActiveCfg = Debug|Any CPU
		{B8C801E8-0507-46AC-BE77-1E062F344037}.Debug|Any CPU.Build.0 = Debug|Any CPU
		{B8C801E8-0507-46AC-BE77-1E062F344037}.Release|Any CPU.ActiveCfg = Release|Any CPU
		{B8C801E8-0507-46AC-BE77-1E062F344037}.Release|Any CPU.Build.0 = Release|Any CPU
	EndGlobalSection
	GlobalSection(SolutionProperties) = preSolution
		HideSolutionNode = FALSE
	EndGlobalSection
	GlobalSection(ExtensibilityGlobals) = postSolution
		SolutionGuid = {55299415-4242-4720-805E-8A23A21D4DCA}
	EndGlobalSection
EndGlobal
